{
  "version": 3,
  "targets": {
    ".NETCoreApp,Version=v3.1": {
      "Enums.NET/4.0.0": {
        "type": "package",
        "compile": {
          "lib/netcoreapp3.0/Enums.NET.dll": {}
        },
        "runtime": {
          "lib/netcoreapp3.0/Enums.NET.dll": {}
        }
      },
      "Microsoft.AspNetCore.Http.Features/5.0.10": {
        "type": "package",
        "dependencies": {
          "Microsoft.Extensions.Primitives": "5.0.1",
          "System.IO.Pipelines": "5.0.1"
        },
        "compile": {
          "lib/netstandard2.0/Microsoft.AspNetCore.Http.Features.dll": {}
        },
        "runtime": {
          "lib/netstandard2.0/Microsoft.AspNetCore.Http.Features.dll": {}
        }
      },
      "Microsoft.Extensions.Primitives/5.0.1": {
        "type": "package",
        "dependencies": {
          "System.Runtime.CompilerServices.Unsafe": "5.0.0"
        },
        "compile": {
          "lib/netcoreapp3.0/Microsoft.Extensions.Primitives.dll": {}
        },
        "runtime": {
          "lib/netcoreapp3.0/Microsoft.Extensions.Primitives.dll": {}
        }
      },
      "Microsoft.Win32.SystemEvents/6.0.0": {
        "type": "package",
        "compile": {
          "lib/netcoreapp3.1/Microsoft.Win32.SystemEvents.dll": {}
        },
        "runtime": {
          "lib/netcoreapp3.1/Microsoft.Win32.SystemEvents.dll": {}
        },
        "build": {
          "buildTransitive/netcoreapp3.1/_._": {}
        },
        "runtimeTargets": {
          "runtimes/win/lib/netcoreapp3.1/Microsoft.Win32.SystemEvents.dll": {
            "assetType": "runtime",
            "rid": "win"
          }
        }
      },
      "System.Drawing.Common/6.0.0": {
        "type": "package",
        "dependencies": {
          "Microsoft.Win32.SystemEvents": "6.0.0"
        },
        "compile": {
          "lib/netcoreapp3.1/System.Drawing.Common.dll": {}
        },
        "runtime": {
          "lib/netcoreapp3.1/System.Drawing.Common.dll": {}
        },
        "build": {
          "buildTransitive/netcoreapp3.1/_._": {}
        },
        "runtimeTargets": {
          "runtimes/unix/lib/netcoreapp3.1/System.Drawing.Common.dll": {
            "assetType": "runtime",
            "rid": "unix"
          },
          "runtimes/win/lib/netcoreapp3.1/System.Drawing.Common.dll": {
            "assetType": "runtime",
            "rid": "win"
          }
        }
      },
      "System.IO.Pipelines/5.0.1": {
        "type": "package",
        "compile": {
          "ref/netcoreapp2.0/System.IO.Pipelines.dll": {}
        },
        "runtime": {
          "lib/netcoreapp3.0/System.IO.Pipelines.dll": {}
        }
      },
      "System.Runtime.CompilerServices.Unsafe/5.0.0": {
        "type": "package",
        "compile": {
          "ref/netstandard2.1/System.Runtime.CompilerServices.Unsafe.dll": {}
        },
        "runtime": {
          "lib/netcoreapp2.0/System.Runtime.CompilerServices.Unsafe.dll": {}
        }
      },
      "IntelliHttpClient/1.0.0": {
        "type": "project",
        "framework": ".NETStandard,Version=v2.1",
        "compile": {
          "bin/placeholder/IntelliHttpClient.dll": {}
        },
        "runtime": {
          "bin/placeholder/IntelliHttpClient.dll": {}
        }
      }
    }
  },
  "libraries": {
    "Enums.NET/4.0.0": {
      "sha512": "d47SgeuGxKpalKhYoHqFkDPmO9SoE3amSwVNDoUdy4d675/tX7bLyZFHdjfo3Tobth9Y80VnjfasQ/PD4LqUuA==",
      "type": "package",
      "path": "enums.net/4.0.0",
      "files": [
        ".nupkg.metadata",
        ".signature.p7s",
        "enums.net.4.0.0.nupkg.sha512",
        "enums.net.nuspec",
        "lib/net45/Enums.NET.dll",
        "lib/net45/Enums.NET.pdb",
        "lib/net45/Enums.NET.xml",
        "lib/netcoreapp3.0/Enums.NET.dll",
        "lib/netcoreapp3.0/Enums.NET.pdb",
        "lib/netcoreapp3.0/Enums.NET.xml",
        "lib/netstandard1.0/Enums.NET.dll",
        "lib/netstandard1.0/Enums.NET.pdb",
        "lib/netstandard1.0/Enums.NET.xml",
        "lib/netstandard1.1/Enums.NET.dll",
        "lib/netstandard1.1/Enums.NET.pdb",
        "lib/netstandard1.1/Enums.NET.xml",
        "lib/netstandard1.3/Enums.NET.dll",
        "lib/netstandard1.3/Enums.NET.pdb",
        "lib/netstandard1.3/Enums.NET.xml",
        "lib/netstandard2.0/Enums.NET.dll",
        "lib/netstandard2.0/Enums.NET.pdb",
        "lib/netstandard2.0/Enums.NET.xml",
        "lib/netstandard2.1/Enums.NET.dll",
        "lib/netstandard2.1/Enums.NET.pdb",
        "lib/netstandard2.1/Enums.NET.xml"
      ]
    },
    "Microsoft.AspNetCore.Http.Features/5.0.10": {
      "sha512": "IWs6dC9OqkREOs8SLs59MZ0I5CHnWrwuZ5yuIMLL8Qr3I3hJNNUzbxU5fgI1BwPddyobgajVlpc3VmgscrHecA==",
      "type": "package",
      "path": "microsoft.aspnetcore.http.features/5.0.10",
      "files": [
        ".nupkg.metadata",
        ".signature.p7s",
        "Icon.png",
        "THIRD-PARTY-NOTICES.TXT",
        "lib/net461/Microsoft.AspNetCore.Http.Features.dll",
        "lib/net461/Microsoft.AspNetCore.Http.Features.xml",
        "lib/net5.0/Microsoft.AspNetCore.Http.Features.dll",
        "lib/net5.0/Microsoft.AspNetCore.Http.Features.xml",
        "lib/netstandard2.0/Microsoft.AspNetCore.Http.Features.dll",
        "lib/netstandard2.0/Microsoft.AspNetCore.Http.Features.xml",
        "microsoft.aspnetcore.http.features.5.0.10.nupkg.sha512",
        "microsoft.aspnetcore.http.features.nuspec"
      ]
    },
    "Microsoft.Extensions.Primitives/5.0.1": {
      "sha512": "5WPSmL4YeP7eW+Vc8XZ4DwjYWBAiSwDV9Hm63JJWcz1Ie3Xjv4KuJXzgCstj48LkLfVCYa7mLcx7y+q6yqVvtw==",
      "type": "package",
      "path": "microsoft.extensions.primitives/5.0.1",
      "files": [
        ".nupkg.metadata",
        ".signature.p7s",
        "Icon.png",
        "LICENSE.TXT",
        "THIRD-PARTY-NOTICES.TXT",
        "lib/net461/Microsoft.Extensions.Primitives.dll",
        "lib/net461/Microsoft.Extensions.Primitives.xml",
        "lib/netcoreapp3.0/Microsoft.Extensions.Primitives.dll",
        "lib/netcoreapp3.0/Microsoft.Extensions.Primitives.xml",
        "lib/netstandard2.0/Microsoft.Extensions.Primitives.dll",
        "lib/netstandard2.0/Microsoft.Extensions.Primitives.xml",
        "microsoft.extensions.primitives.5.0.1.nupkg.sha512",
        "microsoft.extensions.primitives.nuspec",
        "useSharedDesignerContext.txt",
        "version.txt"
      ]
    },
    "Microsoft.Win32.SystemEvents/6.0.0": {
      "sha512": "hqTM5628jSsQiv+HGpiq3WKBl2c8v1KZfby2J6Pr7pEPlK9waPdgEO6b8A/+/xn/yZ9ulv8HuqK71ONy2tg67A==",
      "type": "package",
      "path": "microsoft.win32.systemevents/6.0.0",
      "files": [
        ".nupkg.metadata",
        ".signature.p7s",
        "Icon.png",
        "LICENSE.TXT",
        "THIRD-PARTY-NOTICES.TXT",
        "buildTransitive/netcoreapp2.0/Microsoft.Win32.SystemEvents.targets",
        "buildTransitive/netcoreapp3.1/_._",
        "lib/net461/Microsoft.Win32.SystemEvents.dll",
        "lib/net461/Microsoft.Win32.SystemEvents.xml",
        "lib/net6.0/Microsoft.Win32.SystemEvents.dll",
        "lib/net6.0/Microsoft.Win32.SystemEvents.xml",
        "lib/netcoreapp3.1/Microsoft.Win32.SystemEvents.dll",
        "lib/netcoreapp3.1/Microsoft.Win32.SystemEvents.xml",
        "lib/netstandard2.0/Microsoft.Win32.SystemEvents.dll",
        "lib/netstandard2.0/Microsoft.Win32.SystemEvents.xml",
        "microsoft.win32.systemevents.6.0.0.nupkg.sha512",
        "microsoft.win32.systemevents.nuspec",
        "runtimes/win/lib/net6.0/Microsoft.Win32.SystemEvents.dll",
        "runtimes/win/lib/net6.0/Microsoft.Win32.SystemEvents.xml",
        "runtimes/win/lib/netcoreapp3.1/Microsoft.Win32.SystemEvents.dll",
        "runtimes/win/lib/netcoreapp3.1/Microsoft.Win32.SystemEvents.xml",
        "useSharedDesignerContext.txt"
      ]
    },
    "System.Drawing.Common/6.0.0": {
      "sha512": "NfuoKUiP2nUWwKZN6twGqXioIe1zVD0RIj2t976A+czLHr2nY454RwwXs6JU9Htc6mwqL6Dn/nEL3dpVf2jOhg==",
      "type": "package",
      "path": "system.drawing.common/6.0.0",
      "files": [
        ".nupkg.metadata",
        ".signature.p7s",
        "Icon.png",
        "LICENSE.TXT",
        "THIRD-PARTY-NOTICES.TXT",
        "buildTransitive/netcoreapp2.0/System.Drawing.Common.targets",
        "buildTransitive/netcoreapp3.1/_._",
        "lib/MonoAndroid10/_._",
        "lib/MonoTouch10/_._",
        "lib/net461/System.Drawing.Common.dll",
        "lib/net461/System.Drawing.Common.xml",
        "lib/net6.0/System.Drawing.Common.dll",
        "lib/net6.0/System.Drawing.Common.xml",
        "lib/netcoreapp3.1/System.Drawing.Common.dll",
        "lib/netcoreapp3.1/System.Drawing.Common.xml",
        "lib/netstandard2.0/System.Drawing.Common.dll",
        "lib/netstandard2.0/System.Drawing.Common.xml",
        "lib/xamarinios10/_._",
        "lib/xamarinmac20/_._",
        "lib/xamarintvos10/_._",
        "lib/xamarinwatchos10/_._",
        "runtimes/unix/lib/net6.0/System.Drawing.Common.dll",
        "runtimes/unix/lib/net6.0/System.Drawing.Common.xml",
        "runtimes/unix/lib/netcoreapp3.1/System.Drawing.Common.dll",
        "runtimes/unix/lib/netcoreapp3.1/System.Drawing.Common.xml",
        "runtimes/win/lib/net6.0/System.Drawing.Common.dll",
        "runtimes/win/lib/net6.0/System.Drawing.Common.xml",
        "runtimes/win/lib/netcoreapp3.1/System.Drawing.Common.dll",
        "runtimes/win/lib/netcoreapp3.1/System.Drawing.Common.xml",
        "system.drawing.common.6.0.0.nupkg.sha512",
        "system.drawing.common.nuspec",
        "useSharedDesignerContext.txt"
      ]
    },
    "System.IO.Pipelines/5.0.1": {
      "sha512": "qEePWsaq9LoEEIqhbGe6D5J8c9IqQOUuTzzV6wn1POlfdLkJliZY3OlB0j0f17uMWlqZYjH7txj+2YbyrIA8Yg==",
      "type": "package",
      "path": "system.io.pipelines/5.0.1",
      "files": [
        ".nupkg.metadata",
        ".signature.p7s",
        "Icon.png",
        "LICENSE.TXT",
        "THIRD-PARTY-NOTICES.TXT",
        "lib/net461/System.IO.Pipelines.dll",
        "lib/net461/System.IO.Pipelines.xml",
        "lib/netcoreapp3.0/System.IO.Pipelines.dll",
        "lib/netcoreapp3.0/System.IO.Pipelines.xml",
        "lib/netstandard1.3/System.IO.Pipelines.dll",
        "lib/netstandard1.3/System.IO.Pipelines.xml",
        "lib/netstandard2.0/System.IO.Pipelines.dll",
        "lib/netstandard2.0/System.IO.Pipelines.xml",
        "ref/netcoreapp2.0/System.IO.Pipelines.dll",
        "ref/netcoreapp2.0/System.IO.Pipelines.xml",
        "system.io.pipelines.5.0.1.nupkg.sha512",
        "system.io.pipelines.nuspec",
        "useSharedDesignerContext.txt",
        "version.txt"
      ]
    },
    "System.Runtime.CompilerServices.Unsafe/5.0.0": {
      "sha512": "ZD9TMpsmYJLrxbbmdvhwt9YEgG5WntEnZ/d1eH8JBX9LBp+Ju8BSBhUGbZMNVHHomWo2KVImJhTDl2hIgw/6MA==",
      "type": "package",
      "path": "system.runtime.compilerservices.unsafe/5.0.0",
      "files": [
        ".nupkg.metadata",
        ".signature.p7s",
        "Icon.png",
        "LICENSE.TXT",
        "THIRD-PARTY-NOTICES.TXT",
        "lib/net45/System.Runtime.CompilerServices.Unsafe.dll",
        "lib/net45/System.Runtime.CompilerServices.Unsafe.xml",
        "lib/netcoreapp2.0/System.Runtime.CompilerServices.Unsafe.dll",
        "lib/netcoreapp2.0/System.Runtime.CompilerServices.Unsafe.xml",
        "lib/netstandard1.0/System.Runtime.CompilerServices.Unsafe.dll",
        "lib/netstandard1.0/System.Runtime.CompilerServices.Unsafe.xml",
        "lib/netstandard2.0/System.Runtime.CompilerServices.Unsafe.dll",
        "lib/netstandard2.0/System.Runtime.CompilerServices.Unsafe.xml",
        "ref/net461/System.Runtime.CompilerServices.Unsafe.dll",
        "ref/net461/System.Runtime.CompilerServices.Unsafe.xml",
        "ref/netstandard1.0/System.Runtime.CompilerServices.Unsafe.dll",
        "ref/netstandard1.0/System.Runtime.CompilerServices.Unsafe.xml",
        "ref/netstandard2.0/System.Runtime.CompilerServices.Unsafe.dll",
        "ref/netstandard2.0/System.Runtime.CompilerServices.Unsafe.xml",
        "ref/netstandard2.1/System.Runtime.CompilerServices.Unsafe.dll",
        "ref/netstandard2.1/System.Runtime.CompilerServices.Unsafe.xml",
        "system.runtime.compilerservices.unsafe.5.0.0.nupkg.sha512",
        "system.runtime.compilerservices.unsafe.nuspec",
        "useSharedDesignerContext.txt",
        "version.txt"
      ]
    },
    "IntelliHttpClient/1.0.0": {
      "type": "project",
      "path": "../IntelliHttpClient/IntelliHttpClient.csproj",
      "msbuildProject": "../IntelliHttpClient/IntelliHttpClient.csproj"
    }
  },
  "projectFileDependencyGroups": {
    ".NETCoreApp,Version=v3.1": [
      "Enums.NET >= 4.0.0",
      "IntelliHttpClient >= 1.0.0",
      "Microsoft.AspNetCore.Http.Features >= 5.0.10",
      "System.Drawing.Common >= 6.0.0"
    ]
  },
  "packageFolders": {
    "C:\\Users\\Administrator\\.nuget\\packages\\": {},
    "G:\\Visual Studio\\SDK\\NuGetPackages": {}
  },
  "project": {
    "version": "1.0.0",
    "restore": {
      "projectUniqueName": "H:\\IntelliCloud\\ModelLib\\ModelLib.csproj",
      "projectName": "ModelLib",
      "projectPath": "H:\\IntelliCloud\\ModelLib\\ModelLib.csproj",
      "packagesPath": "C:\\Users\\Administrator\\.nuget\\packages\\",
      "outputPath": "H:\\IntelliCloud\\ModelLib",
      "projectStyle": "PackageReference",
      "fallbackFolders": [
        "G:\\Visual Studio\\SDK\\NuGetPackages"
      ],
      "configFilePaths": [
        "C:\\Users\\Administrator\\AppData\\Roaming\\NuGet\\NuGet.Config",
        "C:\\Program Files (x86)\\NuGet\\Config\\Microsoft.VisualStudio.FallbackLocation.config",
        "C:\\Program Files (x86)\\NuGet\\Config\\Microsoft.VisualStudio.Offline.config"
      ],
      "originalTargetFrameworks": [
        "netcoreapp3.1"
      ],
      "sources": {
        "C:\\Program Files (x86)\\Microsoft SDKs\\NuGetPackages\\": {},
        "https://api.nuget.org/v3/index.json": {}
      },
      "frameworks": {
        "netcoreapp3.1": {
          "targetAlias": "netcoreapp3.1",
          "projectReferences": {
            "H:\\IntelliCloud\\IntelliHttpClient\\IntelliHttpClient.csproj": {
              "projectPath": "H:\\IntelliCloud\\IntelliHttpClient\\IntelliHttpClient.csproj"
            }
          }
        }
      },
      "warningProperties": {
        "warnAsError": [
          "NU1605"
        ]
      }
    },
    "frameworks": {
      "netcoreapp3.1": {
        "targetAlias": "netcoreapp3.1",
        "dependencies": {
          "Enums.NET": {
            "target": "Package",
            "version": "[4.0.0, )"
          },
          "Microsoft.AspNetCore.Http.Features": {
            "target": "Package",
            "version": "[5.0.10, )"
          },
          "System.Drawing.Common": {
            "target": "Package",
            "version": "[6.0.0, )"
          }
        },
        "imports": [
          "net461",
          "net462",
          "net47",
          "net471",
          "net472",
          "net48"
        ],
        "assetTargetFallback": true,
        "warn": true,
        "frameworkReferences": {
          "Microsoft.NETCore.App": {
            "privateAssets": "all"
          }
        },
        "runtimeIdentifierGraphPath": "C:\\Program Files\\dotnet\\sdk\\6.0.202\\RuntimeIdentifierGraph.json"
      }
    }
  }
}